
Microsoft Visual Studio Solution File, Format Version 12.00
# Visual Studio Version 16
VisualStudioVersion = 16.0.29519.181
MinimumVisualStudioVersion = 10.0.40219.1
Project("{8BC9CEB8-8B4A-11D0-8D11-00A0C91BC942}") = "으악 이게뭐야", "으악 이게뭐야\으악 이게뭐야.vcxproj", "{D40328B4-1167-4654-A150-614172F1EF19}"
EndProject
Global
	GlobalSection(SolutionConfigurationPlatforms) = preSolution
		Debug|x64 = Debug|x64
		Debug|x86 = Debug|x86
		Release|x64 = Release|x64
		Release|x86 = Release|x86
	EndGlobalSection
	GlobalSection(ProjectConfigurationPlatforms) = postSolution
		{D40328B4-1167-4654-A150-614172F1EF19}.Debug|x64.ActiveCfg = Debug|x64
		{D40328B4-1167-4654-A150-614172F1EF19}.Debug|x64.Build.0 = Debug|x64
		{D40328B4-1167-4654-A150-614172F1EF19}.Debug|x86.ActiveCfg = Debug|Win32
		{D40328B4-1167-4654-A150-614172F1EF19}.Debug|x86.Build.0 = Debug|Win32
		{D40328B4-1167-4654-A150-614172F1EF19}.Release|x64.ActiveCfg = Release|x64
		{D40328B4-1167-4654-A150-614172F1EF19}.Release|x64.Build.0 = Release|x64
		{D40328B4-1167-4654-A150-614172F1EF19}.Release|x86.ActiveCfg = Release|Win32
		{D40328B4-1167-4654-A150-614172F1EF19}.Release|x86.Build.0 = Release|Win32
	EndGlobalSection
	GlobalSection(SolutionProperties) = preSolution
		HideSolutionNode = FALSE
	EndGlobalSection
	GlobalSection(ExtensibilityGlobals) = postSolution
		SolutionGuid = {55A0733E-4FF9-40FC-86CF-F702064BC4D5}
	EndGlobalSection
EndGlobal
